<?xml version="1.0" encoding="utf-8"?>
<Project ToolsVersion="4.0" xmlns="http://schemas.microsoft.com/developer/msbuild/2003">
  <ItemGroup>
    <ClCompile Include="src\ofApp.cpp">
      <Filter>src</Filter>
    </ClCompile>
    <ClCompile Include="src\main.cpp">
      <Filter>src</Filter>
    </ClCompile>
    <ClCompile Include="..\..\..\..\openFrameworks\addons\ofxOpenCv\src\ofxCvColorImage.cpp">
      <Filter>addons\ofxOpenCv\src</Filter>
    </ClCompile>
    <ClCompile Include="..\..\..\..\openFrameworks\addons\ofxOpenCv\src\ofxCvContourFinder.cpp">
      <Filter>addons\ofxOpenCv\src</Filter>
    </ClCompile>
    <ClCompile Include="..\..\..\..\openFrameworks\addons\ofxOpenCv\src\ofxCvFloatImage.cpp">
      <Filter>addons\ofxOpenCv\src</Filter>
    </ClCompile>
    <ClCompile Include="..\..\..\..\openFrameworks\addons\ofxOpenCv\src\ofxCvGrayscaleImage.cpp">
      <Filter>addons\ofxOpenCv\src</Filter>
    </ClCompile>
    <ClCompile Include="..\..\..\..\openFrameworks\addons\ofxOpenCv\src\ofxCvHaarFinder.cpp">
      <Filter>addons\ofxOpenCv\src</Filter>
    </ClCompile>
    <ClCompile Include="..\..\..\..\openFrameworks\addons\ofxOpenCv\src\ofxCvImage.cpp">
      <Filter>addons\ofxOpenCv\src</Filter>
    </ClCompile>
    <ClCompile Include="..\..\..\..\openFrameworks\addons\ofxOpenCv\src\ofxCvShortImage.cpp">
      <Filter>addons\ofxOpenCv\src</Filter>
    </ClCompile>
    <ClCompile Include="..\..\..\..\openFrameworks\addons\ofxGPS\src\Android\ofxGPSImplAndroid.cpp">
      <Filter>addons\ofxGPS\src\Android</Filter>
    </ClCompile>
    <ClCompile Include="..\..\..\..\openFrameworks\addons\ofxPoco\src\ofxXmlPoco.cpp">
      <Filter>addons\ofxPoco\src</Filter>
    </ClCompile>
  </ItemGroup>
  <ItemGroup>
    <Filter Include="src">
      <UniqueIdentifier>{d8376475-7454-4a24-b08a-aac121d3ad6f}</UniqueIdentifier>
    </Filter>
    <Filter Include="addons">
      <UniqueIdentifier>{95a44eae-0975-456d-8fe2-f72c0a554cd2}</UniqueIdentifier>
    </Filter>
    <Filter Include="addons\ofxOpenCv">
      <UniqueIdentifier>{bac74c90-3282-4719-93a7-7b8b329366e5}</UniqueIdentifier>
    </Filter>
    <Filter Include="addons\ofxOpenCv\src">
      <UniqueIdentifier>{bab6a3a4-7b14-4769-8317-f2d321da5820}</UniqueIdentifier>
    </Filter>
    <Filter Include="addons\ofxGPS">
      <UniqueIdentifier>{54b247bf-10b7-490c-a7a0-36bbd1812ac2}</UniqueIdentifier>
    </Filter>
    <Filter Include="addons\ofxGPS\src">
      <UniqueIdentifier>{3dc83af4-0c55-401e-8824-fbb1e7809b26}</UniqueIdentifier>
    </Filter>
    <Filter Include="addons\ofxGPS\src\Android">
      <UniqueIdentifier>{60b43ef5-8707-4e40-a7c4-76ebbb3ebd8a}</UniqueIdentifier>
    </Filter>
    <Filter Include="addons\ofxGPS\src\common">
      <UniqueIdentifier>{3f433b4a-45ae-435a-bc85-b02a9f76d4ca}</UniqueIdentifier>
    </Filter>
    <Filter Include="addons\ofxGPS\src\iOS">
      <UniqueIdentifier>{23c45305-ad27-4a72-9c27-8566ba5cf74f}</UniqueIdentifier>
    </Filter>
    <Filter Include="addons\ofxPoco">
      <UniqueIdentifier>{a398d003-331f-4c8b-b7b1-ffe6bc441537}</UniqueIdentifier>
    </Filter>
    <Filter Include="addons\ofxPoco\src">
      <UniqueIdentifier>{54d573ff-24a3-47b6-8d85-835d6b20cd5e}</UniqueIdentifier>
    </Filter>
  </ItemGroup>
  <ItemGroup>
    <ClInclude Include="src\ofApp.h">
      <Filter>src</Filter>
    </ClInclude>
    <ClInclude Include="..\..\..\..\openFrameworks\addons\ofxOpenCv\src\ofxCvBlob.h">
      <Filter>addons\ofxOpenCv\src</Filter>
    </ClInclude>
    <ClInclude Include="..\..\..\..\openFrameworks\addons\ofxOpenCv\src\ofxCvColorImage.h">
      <Filter>addons\ofxOpenCv\src</Filter>
    </ClInclude>
    <ClInclude Include="..\..\..\..\openFrameworks\addons\ofxOpenCv\src\ofxCvConstants.h">
      <Filter>addons\ofxOpenCv\src</Filter>
    </ClInclude>
    <ClInclude Include="..\..\..\..\openFrameworks\addons\ofxOpenCv\src\ofxCvContourFinder.h">
      <Filter>addons\ofxOpenCv\src</Filter>
    </ClInclude>
    <ClInclude Include="..\..\..\..\openFrameworks\addons\ofxOpenCv\src\ofxCvFloatImage.h">
      <Filter>addons\ofxOpenCv\src</Filter>
    </ClInclude>
    <ClInclude Include="..\..\..\..\openFrameworks\addons\ofxOpenCv\src\ofxCvGrayscaleImage.h">
      <Filter>addons\ofxOpenCv\src</Filter>
    </ClInclude>
    <ClInclude Include="..\..\..\..\openFrameworks\addons\ofxOpenCv\src\ofxCvHaarFinder.h">
      <Filter>addons\ofxOpenCv\src</Filter>
    </ClInclude>
    <ClInclude Include="..\..\..\..\openFrameworks\addons\ofxOpenCv\src\ofxCvImage.h">
      <Filter>addons\ofxOpenCv\src</Filter>
    </ClInclude>
    <ClInclude Include="..\..\..\..\openFrameworks\addons\ofxOpenCv\src\ofxCvShortImage.h">
      <Filter>addons\ofxOpenCv\src</Filter>
    </ClInclude>
    <ClInclude Include="..\..\..\..\openFrameworks\addons\ofxOpenCv\src\ofxOpenCv.h">
      <Filter>addons\ofxOpenCv\src</Filter>
    </ClInclude>
    <ClInclude Include="..\..\..\..\openFrameworks\addons\ofxGPS\src\common\ofxGPS.h">
      <Filter>addons\ofxGPS\src\common</Filter>
    </ClInclude>
    <ClInclude Include="..\..\..\..\openFrameworks\addons\ofxGPS\src\iOS\ofxGPSImpliOS.h">
      <Filter>addons\ofxGPS\src\iOS</Filter>
    </ClInclude>
    <ClInclude Include="..\..\..\..\openFrameworks\addons\ofxPoco\src\ofxXmlPoco.h">
      <Filter>addons\ofxPoco\src</Filter>
    </ClInclude>
  </ItemGroup>
  <ItemGroup>
    <ResourceCompile Include="icon.rc" />
  </ItemGroup>
</Project>